{
  "originHash" : "ff0a2240384fb8a9db34d93f07731603bab319dff5f6df5e2316e6c914460ec2",
  "pins" : [
    {
      "identity" : "cachedasyncimage",
      "kind" : "remoteSourceControl",
      "location" : "https://github.com/bullinnyc/CachedAsyncImage",
      "state" : {
        "revision" : "cb253e111528c082381af54b67dab7a15eefde16",
        "version" : "2.6.0"
      }
    },
    {
      "identity" : "tabtitlebar",
      "kind" : "remoteSourceControl",
      "location" : "https://github.com/SeekAndDefineBK/TabTitleBar",
      "state" : {
        "branch" : "main",
        "revision" : "0f9dc0b6681856f7bbdb4cfee29943c7ca4f7f0f"
      }
    }
  ],
  "version" : 3
}
