{
  "originHash" : "d84c132ec515c93805a9381fcf49e88b00edb830b2e1833f8c4cb854aca0d539",
  "pins" : [
    {
      "identity" : "cachedasyncimage",
      "kind" : "remoteSourceControl",
      "location" : "https://github.com/bullinnyc/CachedAsyncImage",
      "state" : {
        "revision" : "cb253e111528c082381af54b67dab7a15eefde16",
        "version" : "2.6.0"
      }
    },
    {
      "identity" : "tabtitlebar",
      "kind" : "remoteSourceControl",
      "location" : "https://github.com/SeekAndDefineBK/TabTitleBar",
      "state" : {
        "revision" : "2bd4e014f396be7ac8f33e38e1d7691df494e9ed",
        "version" : "1.2.0"
      }
    }
  ],
  "version" : 3
}
