// !$*UTF8*$!
{
	archiveVersion = 1;
	classes = {
	};
	objectVersion = 56;
	objects = {

/* Begin PBXBuildFile section */
		401146812C2CEBCB00B47803 /* TMDBAPIKey.swift in Sources */ = {isa = PBXBuildFile; fileRef = 401146802C2CEBCB00B47803 /* TMDBAPIKey.swift */; };
		401146912C2CFD8A00B47803 /* TMDBAPI-Shared.swift in Sources */ = {isa = PBXBuildFile; fileRef = 401146902C2CFD8A00B47803 /* TMDBAPI-Shared.swift */; };
		401146952C2D0BC300B47803 /* ContentView.swift in Sources */ = {isa = PBXBuildFile; fileRef = 401146942C2D0BC300B47803 /* ContentView.swift */; };
		401146982C2D0C7200B47803 /* PersonContainer.swift in Sources */ = {isa = PBXBuildFile; fileRef = 401146972C2D0C7200B47803 /* PersonContainer.swift */; };
		4018C6312C2B5CC20005C2C4 /* ProjectCompareApp.swift in Sources */ = {isa = PBXBuildFile; fileRef = 4018C6302C2B5CC20005C2C4 /* ProjectCompareApp.swift */; };
		4018C6352C2B5CC30005C2C4 /* Assets.xcassets in Resources */ = {isa = PBXBuildFile; fileRef = 4018C6342C2B5CC30005C2C4 /* Assets.xcassets */; };
		4018C6382C2B5CC30005C2C4 /* Preview Assets.xcassets in Resources */ = {isa = PBXBuildFile; fileRef = 4018C6372C2B5CC30005C2C4 /* Preview Assets.xcassets */; };
		4018C64C2C2B62B80005C2C4 /* TMDBAPI.swift in Sources */ = {isa = PBXBuildFile; fileRef = 4018C64B2C2B62B80005C2C4 /* TMDBAPI.swift */; };
		4018C64E2C2BA24B0005C2C4 /* TMDBKeyProtocol.swift in Sources */ = {isa = PBXBuildFile; fileRef = 4018C64D2C2BA24B0005C2C4 /* TMDBKeyProtocol.swift */; };
		4018C6512C2BA7F10005C2C4 /* Person.swift in Sources */ = {isa = PBXBuildFile; fileRef = 4018C6502C2BA7F10005C2C4 /* Person.swift */; };
		4018C6552C2BA8030005C2C4 /* Credits.swift in Sources */ = {isa = PBXBuildFile; fileRef = 4018C6542C2BA8030005C2C4 /* Credits.swift */; };
		4018C6672C2BAB960005C2C4 /* TMDBAPI-Person.swift in Sources */ = {isa = PBXBuildFile; fileRef = 4018C6662C2BAB960005C2C4 /* TMDBAPI-Person.swift */; };
		4018C66C2C2BBC360005C2C4 /* PersonSearchResult.swift in Sources */ = {isa = PBXBuildFile; fileRef = 4018C66B2C2BBC360005C2C4 /* PersonSearchResult.swift */; };
		4018C66E2C2BC5E40005C2C4 /* SearchPersonView.swift in Sources */ = {isa = PBXBuildFile; fileRef = 4018C66D2C2BC5E40005C2C4 /* SearchPersonView.swift */; };
		401DD08E2C2E632900A44B74 /* MediaType.swift in Sources */ = {isa = PBXBuildFile; fileRef = 401DD08D2C2E632900A44B74 /* MediaType.swift */; };
		401DD0912C2F2ED500A44B74 /* CachedAsyncImage in Frameworks */ = {isa = PBXBuildFile; productRef = 401DD0902C2F2ED500A44B74 /* CachedAsyncImage */; };
		401DD0932C2F2F2500A44B74 /* PersonCell.swift in Sources */ = {isa = PBXBuildFile; fileRef = 401DD0922C2F2F2500A44B74 /* PersonCell.swift */; };
		401DD0962C2F320700A44B74 /* PersonProfileView.swift in Sources */ = {isa = PBXBuildFile; fileRef = 401DD0952C2F320700A44B74 /* PersonProfileView.swift */; };
		401DD0992C2FABE800A44B74 /* CreditProfileView.swift in Sources */ = {isa = PBXBuildFile; fileRef = 401DD0982C2FABE800A44B74 /* CreditProfileView.swift */; };
		401DD09B2C2FB18500A44B74 /* CreditCompareView.swift in Sources */ = {isa = PBXBuildFile; fileRef = 401DD09A2C2FB18500A44B74 /* CreditCompareView.swift */; };
		401DD09E2C2FB8EF00A44B74 /* TabTitleBar in Frameworks */ = {isa = PBXBuildFile; productRef = 401DD09D2C2FB8EF00A44B74 /* TabTitleBar */; };
		401DD0A02C2FC08A00A44B74 /* TMDBAttributionView.swift in Sources */ = {isa = PBXBuildFile; fileRef = 401DD09F2C2FC08A00A44B74 /* TMDBAttributionView.swift */; };
		401DD0A82C30F09D00A44B74 /* BaseTestCase.swift in Sources */ = {isa = PBXBuildFile; fileRef = 401DD0A72C30F09D00A44B74 /* BaseTestCase.swift */; };
		401DD0AF2C30F32F00A44B74 /* TMDB-FetchTests.swift in Sources */ = {isa = PBXBuildFile; fileRef = 401DD0AE2C30F32F00A44B74 /* TMDB-FetchTests.swift */; };
		401DD0B12C30F42800A44B74 /* TMDB-AssetTests.swift in Sources */ = {isa = PBXBuildFile; fileRef = 401DD0B02C30F42800A44B74 /* TMDB-AssetTests.swift */; };
		401DD0B32C30F84000A44B74 /* APIKeyValidation.swift in Sources */ = {isa = PBXBuildFile; fileRef = 401DD0B22C30F84000A44B74 /* APIKeyValidation.swift */; };
		401DD0B52C30F88400A44B74 /* TMDBAPIError.swift in Sources */ = {isa = PBXBuildFile; fileRef = 401DD0B42C30F88400A44B74 /* TMDBAPIError.swift */; };
		401DD0B62C30FA5A00A44B74 /* APIKeyValidation.swift in Sources */ = {isa = PBXBuildFile; fileRef = 401DD0B22C30F84000A44B74 /* APIKeyValidation.swift */; };
		401DD0B72C30FA9B00A44B74 /* TMDBAPIError.swift in Sources */ = {isa = PBXBuildFile; fileRef = 401DD0B42C30F88400A44B74 /* TMDBAPIError.swift */; };
		401DD0B82C30FA9F00A44B74 /* TMDBAPI-Shared.swift in Sources */ = {isa = PBXBuildFile; fileRef = 401146902C2CFD8A00B47803 /* TMDBAPI-Shared.swift */; };
		401DD0B92C30FAA100A44B74 /* TMDBAPI-Person.swift in Sources */ = {isa = PBXBuildFile; fileRef = 4018C6662C2BAB960005C2C4 /* TMDBAPI-Person.swift */; };
		401DD0BA2C30FAA400A44B74 /* TMDBAPIKey.swift in Sources */ = {isa = PBXBuildFile; fileRef = 401146802C2CEBCB00B47803 /* TMDBAPIKey.swift */; };
		401DD0BB2C30FAA400A44B74 /* TMDBKeyProtocol.swift in Sources */ = {isa = PBXBuildFile; fileRef = 4018C64D2C2BA24B0005C2C4 /* TMDBKeyProtocol.swift */; };
		401DD0BC2C30FAA600A44B74 /* TMDBAPI.swift in Sources */ = {isa = PBXBuildFile; fileRef = 4018C64B2C2B62B80005C2C4 /* TMDBAPI.swift */; };
		401DD0BD2C30FB5900A44B74 /* Credits.swift in Sources */ = {isa = PBXBuildFile; fileRef = 4018C6542C2BA8030005C2C4 /* Credits.swift */; };
		401DD0BE2C30FB5900A44B74 /* Person.swift in Sources */ = {isa = PBXBuildFile; fileRef = 4018C6502C2BA7F10005C2C4 /* Person.swift */; };
		401DD0BF2C30FB5900A44B74 /* PersonSearchResult.swift in Sources */ = {isa = PBXBuildFile; fileRef = 4018C66B2C2BBC360005C2C4 /* PersonSearchResult.swift */; };
		401DD0C02C30FB5900A44B74 /* MediaType.swift in Sources */ = {isa = PBXBuildFile; fileRef = 401DD08D2C2E632900A44B74 /* MediaType.swift */; };
		401DD0C22C30FBD400A44B74 /* Array.swift in Sources */ = {isa = PBXBuildFile; fileRef = 402F49D12C2E133800DBDDE4 /* Array.swift */; };
		401DD0C32C30FBD500A44B74 /* SharedCredits.swift in Sources */ = {isa = PBXBuildFile; fileRef = 402F49CE2C2E119B00DBDDE4 /* SharedCredits.swift */; };
		401DD0C52C31039600A44B74 /* SharedCredit-Conversions.swift in Sources */ = {isa = PBXBuildFile; fileRef = 401DD0C42C31039600A44B74 /* SharedCredit-Conversions.swift */; };
		401DD0CA2C31055300A44B74 /* PersonContainer.swift in Sources */ = {isa = PBXBuildFile; fileRef = 401146972C2D0C7200B47803 /* PersonContainer.swift */; };
		401DD0CF2C31055500A44B74 /* CreditCompareView.swift in Sources */ = {isa = PBXBuildFile; fileRef = 401DD09A2C2FB18500A44B74 /* CreditCompareView.swift */; };
		401DD0D02C31055800A44B74 /* ContentView.swift in Sources */ = {isa = PBXBuildFile; fileRef = 401146942C2D0BC300B47803 /* ContentView.swift */; };
		401DD0D22C31055800A44B74 /* ProjectCompareApp.swift in Sources */ = {isa = PBXBuildFile; fileRef = 4018C6302C2B5CC20005C2C4 /* ProjectCompareApp.swift */; };
		401DD0D32C31055800A44B74 /* TMDBAttributionView.swift in Sources */ = {isa = PBXBuildFile; fileRef = 401DD09F2C2FC08A00A44B74 /* TMDBAttributionView.swift */; };
		401DD0DB2C3107F800A44B74 /* ProjectCompareUITests.swift in Sources */ = {isa = PBXBuildFile; fileRef = 401DD0DA2C3107F800A44B74 /* ProjectCompareUITests.swift */; };
		401DD0E32C311A3300A44B74 /* Assets.xcassets in Resources */ = {isa = PBXBuildFile; fileRef = 4018C6342C2B5CC30005C2C4 /* Assets.xcassets */; };
		402F49CD2C2E0DEB00DBDDE4 /* CompareView.swift in Sources */ = {isa = PBXBuildFile; fileRef = 402F49CC2C2E0DEB00DBDDE4 /* CompareView.swift */; };
		402F49CF2C2E119B00DBDDE4 /* SharedCredits.swift in Sources */ = {isa = PBXBuildFile; fileRef = 402F49CE2C2E119B00DBDDE4 /* SharedCredits.swift */; };
		402F49D22C2E133800DBDDE4 /* Array.swift in Sources */ = {isa = PBXBuildFile; fileRef = 402F49D12C2E133800DBDDE4 /* Array.swift */; };
		4053A3A12C31E1ED006D9F24 /* AppInfoView.swift in Sources */ = {isa = PBXBuildFile; fileRef = 4053A3A02C31E1ED006D9F24 /* AppInfoView.swift */; };
		4053A3A52C31E23D006D9F24 /* AppSearchView.swift in Sources */ = {isa = PBXBuildFile; fileRef = 4053A3A42C31E23D006D9F24 /* AppSearchView.swift */; };
		4053A3A82C31E9E7006D9F24 /* TutorialView.swift in Sources */ = {isa = PBXBuildFile; fileRef = 4053A3A72C31E9E7006D9F24 /* TutorialView.swift */; };
		4053A3AB2C31EA5B006D9F24 /* TutorialSplashView.swift in Sources */ = {isa = PBXBuildFile; fileRef = 4053A3AA2C31EA5B006D9F24 /* TutorialSplashView.swift */; };
		4053A3AD2C31EA87006D9F24 /* TutorialSearchView.swift in Sources */ = {isa = PBXBuildFile; fileRef = 4053A3AC2C31EA87006D9F24 /* TutorialSearchView.swift */; };
		4053A3AF2C31EA9C006D9F24 /* TutorialCompareView.swift in Sources */ = {isa = PBXBuildFile; fileRef = 4053A3AE2C31EA9C006D9F24 /* TutorialCompareView.swift */; };
		4053A3CD2C320496006D9F24 /* AppSearchView.swift in Sources */ = {isa = PBXBuildFile; fileRef = 4053A3A42C31E23D006D9F24 /* AppSearchView.swift */; };
		4053A3CF2C3204A0006D9F24 /* AppInfoView.swift in Sources */ = {isa = PBXBuildFile; fileRef = 4053A3A02C31E1ED006D9F24 /* AppInfoView.swift */; };
		4053A3DB2C32060B006D9F24 /* CompareView.swift in Sources */ = {isa = PBXBuildFile; fileRef = 402F49CC2C2E0DEB00DBDDE4 /* CompareView.swift */; };
		4053A3DC2C320620006D9F24 /* TutorialView.swift in Sources */ = {isa = PBXBuildFile; fileRef = 4053A3A72C31E9E7006D9F24 /* TutorialView.swift */; };
		4053A3DD2C320623006D9F24 /* TutorialSplashView.swift in Sources */ = {isa = PBXBuildFile; fileRef = 4053A3AA2C31EA5B006D9F24 /* TutorialSplashView.swift */; };
		4053A3DE2C320626006D9F24 /* TutorialSearchView.swift in Sources */ = {isa = PBXBuildFile; fileRef = 4053A3AC2C31EA87006D9F24 /* TutorialSearchView.swift */; };
		4053A3DF2C320629006D9F24 /* TutorialCompareView.swift in Sources */ = {isa = PBXBuildFile; fileRef = 4053A3AE2C31EA9C006D9F24 /* TutorialCompareView.swift */; };
		4053A3E02C32063A006D9F24 /* CreditProfileView.swift in Sources */ = {isa = PBXBuildFile; fileRef = 401DD0982C2FABE800A44B74 /* CreditProfileView.swift */; };
		4053A3E12C320653006D9F24 /* PersonCell.swift in Sources */ = {isa = PBXBuildFile; fileRef = 401DD0922C2F2F2500A44B74 /* PersonCell.swift */; };
		4053A3E22C320653006D9F24 /* PersonProfileView.swift in Sources */ = {isa = PBXBuildFile; fileRef = 401DD0952C2F320700A44B74 /* PersonProfileView.swift */; };
		4053A3E32C320653006D9F24 /* SearchPersonView.swift in Sources */ = {isa = PBXBuildFile; fileRef = 4018C66D2C2BC5E40005C2C4 /* SearchPersonView.swift */; };
/* End PBXBuildFile section */

/* Begin PBXContainerItemProxy section */
		401DD0A92C30F09D00A44B74 /* PBXContainerItemProxy */ = {
			isa = PBXContainerItemProxy;
			containerPortal = 4018C6252C2B5CC20005C2C4 /* Project object */;
			proxyType = 1;
			remoteGlobalIDString = 4018C62C2C2B5CC20005C2C4;
			remoteInfo = ProjectCompare;
		};
		401DD0DE2C3107F800A44B74 /* PBXContainerItemProxy */ = {
			isa = PBXContainerItemProxy;
			containerPortal = 4018C6252C2B5CC20005C2C4 /* Project object */;
			proxyType = 1;
			remoteGlobalIDString = 4018C62C2C2B5CC20005C2C4;
			remoteInfo = ProjectCompare;
		};
/* End PBXContainerItemProxy section */

/* Begin PBXFileReference section */
		401146802C2CEBCB00B47803 /* TMDBAPIKey.swift */ = {isa = PBXFileReference; lastKnownFileType = sourcecode.swift; path = TMDBAPIKey.swift; sourceTree = "<group>"; };
		401146902C2CFD8A00B47803 /* TMDBAPI-Shared.swift */ = {isa = PBXFileReference; lastKnownFileType = sourcecode.swift; path = "TMDBAPI-Shared.swift"; sourceTree = "<group>"; };
		401146942C2D0BC300B47803 /* ContentView.swift */ = {isa = PBXFileReference; lastKnownFileType = sourcecode.swift; path = ContentView.swift; sourceTree = "<group>"; };
		401146972C2D0C7200B47803 /* PersonContainer.swift */ = {isa = PBXFileReference; lastKnownFileType = sourcecode.swift; path = PersonContainer.swift; sourceTree = "<group>"; };
		4018C62D2C2B5CC20005C2C4 /* ProjectCompare.app */ = {isa = PBXFileReference; explicitFileType = wrapper.application; includeInIndex = 0; path = ProjectCompare.app; sourceTree = BUILT_PRODUCTS_DIR; };
		4018C6302C2B5CC20005C2C4 /* ProjectCompareApp.swift */ = {isa = PBXFileReference; lastKnownFileType = sourcecode.swift; path = ProjectCompareApp.swift; sourceTree = "<group>"; };
		4018C6342C2B5CC30005C2C4 /* Assets.xcassets */ = {isa = PBXFileReference; lastKnownFileType = folder.assetcatalog; path = Assets.xcassets; sourceTree = "<group>"; };
		4018C6372C2B5CC30005C2C4 /* Preview Assets.xcassets */ = {isa = PBXFileReference; lastKnownFileType = folder.assetcatalog; path = "Preview Assets.xcassets"; sourceTree = "<group>"; };
		4018C64B2C2B62B80005C2C4 /* TMDBAPI.swift */ = {isa = PBXFileReference; lastKnownFileType = sourcecode.swift; path = TMDBAPI.swift; sourceTree = "<group>"; };
		4018C64D2C2BA24B0005C2C4 /* TMDBKeyProtocol.swift */ = {isa = PBXFileReference; lastKnownFileType = sourcecode.swift; path = TMDBKeyProtocol.swift; sourceTree = "<group>"; };
		4018C6502C2BA7F10005C2C4 /* Person.swift */ = {isa = PBXFileReference; lastKnownFileType = sourcecode.swift; path = Person.swift; sourceTree = "<group>"; };
		4018C6542C2BA8030005C2C4 /* Credits.swift */ = {isa = PBXFileReference; lastKnownFileType = sourcecode.swift; path = Credits.swift; sourceTree = "<group>"; };
		4018C6662C2BAB960005C2C4 /* TMDBAPI-Person.swift */ = {isa = PBXFileReference; lastKnownFileType = sourcecode.swift; path = "TMDBAPI-Person.swift"; sourceTree = "<group>"; };
		4018C66B2C2BBC360005C2C4 /* PersonSearchResult.swift */ = {isa = PBXFileReference; lastKnownFileType = sourcecode.swift; path = PersonSearchResult.swift; sourceTree = "<group>"; };
		4018C66D2C2BC5E40005C2C4 /* SearchPersonView.swift */ = {isa = PBXFileReference; lastKnownFileType = sourcecode.swift; path = SearchPersonView.swift; sourceTree = "<group>"; };
		401DD08D2C2E632900A44B74 /* MediaType.swift */ = {isa = PBXFileReference; lastKnownFileType = sourcecode.swift; path = MediaType.swift; sourceTree = "<group>"; };
		401DD0922C2F2F2500A44B74 /* PersonCell.swift */ = {isa = PBXFileReference; lastKnownFileType = sourcecode.swift; path = PersonCell.swift; sourceTree = "<group>"; };
		401DD0952C2F320700A44B74 /* PersonProfileView.swift */ = {isa = PBXFileReference; lastKnownFileType = sourcecode.swift; path = PersonProfileView.swift; sourceTree = "<group>"; };
		401DD0982C2FABE800A44B74 /* CreditProfileView.swift */ = {isa = PBXFileReference; lastKnownFileType = sourcecode.swift; path = CreditProfileView.swift; sourceTree = "<group>"; };
		401DD09A2C2FB18500A44B74 /* CreditCompareView.swift */ = {isa = PBXFileReference; lastKnownFileType = sourcecode.swift; path = CreditCompareView.swift; sourceTree = "<group>"; };
		401DD09F2C2FC08A00A44B74 /* TMDBAttributionView.swift */ = {isa = PBXFileReference; lastKnownFileType = sourcecode.swift; path = TMDBAttributionView.swift; sourceTree = "<group>"; };
		401DD0A52C30F09D00A44B74 /* ProjectCompareTests.xctest */ = {isa = PBXFileReference; explicitFileType = wrapper.cfbundle; includeInIndex = 0; path = ProjectCompareTests.xctest; sourceTree = BUILT_PRODUCTS_DIR; };
		401DD0A72C30F09D00A44B74 /* BaseTestCase.swift */ = {isa = PBXFileReference; lastKnownFileType = sourcecode.swift; path = BaseTestCase.swift; sourceTree = "<group>"; };
		401DD0AE2C30F32F00A44B74 /* TMDB-FetchTests.swift */ = {isa = PBXFileReference; lastKnownFileType = sourcecode.swift; path = "TMDB-FetchTests.swift"; sourceTree = "<group>"; };
		401DD0B02C30F42800A44B74 /* TMDB-AssetTests.swift */ = {isa = PBXFileReference; lastKnownFileType = sourcecode.swift; path = "TMDB-AssetTests.swift"; sourceTree = "<group>"; };
		401DD0B22C30F84000A44B74 /* APIKeyValidation.swift */ = {isa = PBXFileReference; lastKnownFileType = sourcecode.swift; path = APIKeyValidation.swift; sourceTree = "<group>"; };
		401DD0B42C30F88400A44B74 /* TMDBAPIError.swift */ = {isa = PBXFileReference; lastKnownFileType = sourcecode.swift; path = TMDBAPIError.swift; sourceTree = "<group>"; };
		401DD0C42C31039600A44B74 /* SharedCredit-Conversions.swift */ = {isa = PBXFileReference; lastKnownFileType = sourcecode.swift; path = "SharedCredit-Conversions.swift"; sourceTree = "<group>"; };
		401DD0D82C3107F800A44B74 /* ProjectCompareUITests.xctest */ = {isa = PBXFileReference; explicitFileType = wrapper.cfbundle; includeInIndex = 0; path = ProjectCompareUITests.xctest; sourceTree = BUILT_PRODUCTS_DIR; };
		401DD0DA2C3107F800A44B74 /* ProjectCompareUITests.swift */ = {isa = PBXFileReference; lastKnownFileType = sourcecode.swift; path = ProjectCompareUITests.swift; sourceTree = "<group>"; };
		402F49CC2C2E0DEB00DBDDE4 /* CompareView.swift */ = {isa = PBXFileReference; lastKnownFileType = sourcecode.swift; path = CompareView.swift; sourceTree = "<group>"; };
		402F49CE2C2E119B00DBDDE4 /* SharedCredits.swift */ = {isa = PBXFileReference; lastKnownFileType = sourcecode.swift; path = SharedCredits.swift; sourceTree = "<group>"; };
		402F49D12C2E133800DBDDE4 /* Array.swift */ = {isa = PBXFileReference; lastKnownFileType = sourcecode.swift; path = Array.swift; sourceTree = "<group>"; };
		4053A3A02C31E1ED006D9F24 /* AppInfoView.swift */ = {isa = PBXFileReference; lastKnownFileType = sourcecode.swift; path = AppInfoView.swift; sourceTree = "<group>"; };
		4053A3A42C31E23D006D9F24 /* AppSearchView.swift */ = {isa = PBXFileReference; lastKnownFileType = sourcecode.swift; path = AppSearchView.swift; sourceTree = "<group>"; };
		4053A3A72C31E9E7006D9F24 /* TutorialView.swift */ = {isa = PBXFileReference; lastKnownFileType = sourcecode.swift; path = TutorialView.swift; sourceTree = "<group>"; };
		4053A3AA2C31EA5B006D9F24 /* TutorialSplashView.swift */ = {isa = PBXFileReference; lastKnownFileType = sourcecode.swift; path = TutorialSplashView.swift; sourceTree = "<group>"; };
		4053A3AC2C31EA87006D9F24 /* TutorialSearchView.swift */ = {isa = PBXFileReference; lastKnownFileType = sourcecode.swift; path = TutorialSearchView.swift; sourceTree = "<group>"; };
		4053A3AE2C31EA9C006D9F24 /* TutorialCompareView.swift */ = {isa = PBXFileReference; lastKnownFileType = sourcecode.swift; path = TutorialCompareView.swift; sourceTree = "<group>"; };
/* End PBXFileReference section */

/* Begin PBXFrameworksBuildPhase section */
		4018C62A2C2B5CC20005C2C4 /* Frameworks */ = {
			isa = PBXFrameworksBuildPhase;
			buildActionMask = 2147483647;
			files = (
				401DD0912C2F2ED500A44B74 /* CachedAsyncImage in Frameworks */,
				401DD09E2C2FB8EF00A44B74 /* TabTitleBar in Frameworks */,
			);
			runOnlyForDeploymentPostprocessing = 0;
		};
		401DD0A22C30F09D00A44B74 /* Frameworks */ = {
			isa = PBXFrameworksBuildPhase;
			buildActionMask = 2147483647;
			files = (
			);
			runOnlyForDeploymentPostprocessing = 0;
		};
		401DD0D52C3107F800A44B74 /* Frameworks */ = {
			isa = PBXFrameworksBuildPhase;
			buildActionMask = 2147483647;
			files = (
			);
			runOnlyForDeploymentPostprocessing = 0;
		};
/* End PBXFrameworksBuildPhase section */

/* Begin PBXGroup section */
		401146962C2D0C5D00B47803 /* PersonViews */ = {
			isa = PBXGroup;
			children = (
				4018C66D2C2BC5E40005C2C4 /* SearchPersonView.swift */,
				401DD0922C2F2F2500A44B74 /* PersonCell.swift */,
				401DD0952C2F320700A44B74 /* PersonProfileView.swift */,
				401146972C2D0C7200B47803 /* PersonContainer.swift */,
				402F49CC2C2E0DEB00DBDDE4 /* CompareView.swift */,
			);
			path = PersonViews;
			sourceTree = "<group>";
		};
		4018C6242C2B5CC20005C2C4 = {
			isa = PBXGroup;
			children = (
				4018C62F2C2B5CC20005C2C4 /* ProjectCompare */,
				401DD0A62C30F09D00A44B74 /* ProjectCompareTests */,
				401DD0D92C3107F800A44B74 /* ProjectCompareUITests */,
				4018C62E2C2B5CC20005C2C4 /* Products */,
			);
			sourceTree = "<group>";
		};
		4018C62E2C2B5CC20005C2C4 /* Products */ = {
			isa = PBXGroup;
			children = (
				4018C62D2C2B5CC20005C2C4 /* ProjectCompare.app */,
				401DD0A52C30F09D00A44B74 /* ProjectCompareTests.xctest */,
				401DD0D82C3107F800A44B74 /* ProjectCompareUITests.xctest */,
			);
			name = Products;
			sourceTree = "<group>";
		};
		4018C62F2C2B5CC20005C2C4 /* ProjectCompare */ = {
			isa = PBXGroup;
			children = (
				402F49D02C2E132100DBDDE4 /* Extension */,
				4018C6412C2B5FD10005C2C4 /* Views */,
				4018C6402C2B5FC60005C2C4 /* Service */,
				4018C6342C2B5CC30005C2C4 /* Assets.xcassets */,
				4018C6362C2B5CC30005C2C4 /* Preview Content */,
			);
			path = ProjectCompare;
			sourceTree = "<group>";
		};
		4018C6362C2B5CC30005C2C4 /* Preview Content */ = {
			isa = PBXGroup;
			children = (
				4018C6372C2B5CC30005C2C4 /* Preview Assets.xcassets */,
			);
			path = "Preview Content";
			sourceTree = "<group>";
		};
		4018C6402C2B5FC60005C2C4 /* Service */ = {
			isa = PBXGroup;
			children = (
				4018C64B2C2B62B80005C2C4 /* TMDBAPI.swift */,
				401DD0942C2F2FB900A44B74 /* Authentication */,
				4018C6652C2BAB370005C2C4 /* APICalls */,
				4018C64F2C2BA7DC0005C2C4 /* Objects */,
			);
			path = Service;
			sourceTree = "<group>";
		};
		4018C6412C2B5FD10005C2C4 /* Views */ = {
			isa = PBXGroup;
			children = (
				4018C6302C2B5CC20005C2C4 /* ProjectCompareApp.swift */,
				401146942C2D0BC300B47803 /* ContentView.swift */,
				401DD09F2C2FC08A00A44B74 /* TMDBAttributionView.swift */,
				4053A3A92C31EA4A006D9F24 /* Tutorial */,
				4053A3A62C31E3BA006D9F24 /* Tab Views */,
				401DD0972C2FABD300A44B74 /* CreditViews */,
				401146962C2D0C5D00B47803 /* PersonViews */,
			);
			path = Views;
			sourceTree = "<group>";
		};
		4018C64F2C2BA7DC0005C2C4 /* Objects */ = {
			isa = PBXGroup;
			children = (
				4018C6502C2BA7F10005C2C4 /* Person.swift */,
				4018C66B2C2BBC360005C2C4 /* PersonSearchResult.swift */,
				4018C6542C2BA8030005C2C4 /* Credits.swift */,
				401DD08D2C2E632900A44B74 /* MediaType.swift */,
				402F49CE2C2E119B00DBDDE4 /* SharedCredits.swift */,
			);
			path = Objects;
			sourceTree = "<group>";
		};
		4018C6652C2BAB370005C2C4 /* APICalls */ = {
			isa = PBXGroup;
			children = (
				4018C6662C2BAB960005C2C4 /* TMDBAPI-Person.swift */,
				401146902C2CFD8A00B47803 /* TMDBAPI-Shared.swift */,
				401DD0B42C30F88400A44B74 /* TMDBAPIError.swift */,
			);
			path = APICalls;
			sourceTree = "<group>";
		};
		401DD0942C2F2FB900A44B74 /* Authentication */ = {
			isa = PBXGroup;
			children = (
				401DD0B22C30F84000A44B74 /* APIKeyValidation.swift */,
				401146802C2CEBCB00B47803 /* TMDBAPIKey.swift */,
				4018C64D2C2BA24B0005C2C4 /* TMDBKeyProtocol.swift */,
			);
			path = Authentication;
			sourceTree = "<group>";
		};
		401DD0972C2FABD300A44B74 /* CreditViews */ = {
			isa = PBXGroup;
			children = (
				401DD0982C2FABE800A44B74 /* CreditProfileView.swift */,
				401DD09A2C2FB18500A44B74 /* CreditCompareView.swift */,
			);
			path = CreditViews;
			sourceTree = "<group>";
		};
		401DD0A62C30F09D00A44B74 /* ProjectCompareTests */ = {
			isa = PBXGroup;
			children = (
				401DD0A72C30F09D00A44B74 /* BaseTestCase.swift */,
				401DD0B02C30F42800A44B74 /* TMDB-AssetTests.swift */,
				401DD0AE2C30F32F00A44B74 /* TMDB-FetchTests.swift */,
				401DD0C42C31039600A44B74 /* SharedCredit-Conversions.swift */,
			);
			path = ProjectCompareTests;
			sourceTree = "<group>";
		};
		401DD0D92C3107F800A44B74 /* ProjectCompareUITests */ = {
			isa = PBXGroup;
			children = (
				401DD0DA2C3107F800A44B74 /* ProjectCompareUITests.swift */,
			);
			path = ProjectCompareUITests;
			sourceTree = "<group>";
		};
		402F49D02C2E132100DBDDE4 /* Extension */ = {
			isa = PBXGroup;
			children = (
				402F49D12C2E133800DBDDE4 /* Array.swift */,
			);
			path = Extension;
			sourceTree = "<group>";
		};
		4053A3A62C31E3BA006D9F24 /* Tab Views */ = {
			isa = PBXGroup;
			children = (
				4053A3A02C31E1ED006D9F24 /* AppInfoView.swift */,
				4053A3A42C31E23D006D9F24 /* AppSearchView.swift */,
			);
			path = "Tab Views";
			sourceTree = "<group>";
		};
		4053A3A92C31EA4A006D9F24 /* Tutorial */ = {
			isa = PBXGroup;
			children = (
				4053A3A72C31E9E7006D9F24 /* TutorialView.swift */,
				4053A3AA2C31EA5B006D9F24 /* TutorialSplashView.swift */,
				4053A3AC2C31EA87006D9F24 /* TutorialSearchView.swift */,
				4053A3AE2C31EA9C006D9F24 /* TutorialCompareView.swift */,
			);
			path = Tutorial;
			sourceTree = "<group>";
		};
/* End PBXGroup section */

/* Begin PBXNativeTarget section */
		4018C62C2C2B5CC20005C2C4 /* ProjectCompare */ = {
			isa = PBXNativeTarget;
			buildConfigurationList = 4018C63B2C2B5CC30005C2C4 /* Build configuration list for PBXNativeTarget "ProjectCompare" */;
			buildPhases = (
				4018C6292C2B5CC20005C2C4 /* Sources */,
				4018C62A2C2B5CC20005C2C4 /* Frameworks */,
				4018C62B2C2B5CC20005C2C4 /* Resources */,
			);
			buildRules = (
			);
			dependencies = (
			);
			name = ProjectCompare;
			packageProductDependencies = (
				401DD0902C2F2ED500A44B74 /* CachedAsyncImage */,
				401DD09D2C2FB8EF00A44B74 /* TabTitleBar */,
			);
			productName = ProjectCompare;
			productReference = 4018C62D2C2B5CC20005C2C4 /* ProjectCompare.app */;
			productType = "com.apple.product-type.application";
		};
		401DD0A42C30F09D00A44B74 /* ProjectCompareTests */ = {
			isa = PBXNativeTarget;
			buildConfigurationList = 401DD0AB2C30F09D00A44B74 /* Build configuration list for PBXNativeTarget "ProjectCompareTests" */;
			buildPhases = (
				401DD0A12C30F09D00A44B74 /* Sources */,
				401DD0A22C30F09D00A44B74 /* Frameworks */,
				401DD0A32C30F09D00A44B74 /* Resources */,
			);
			buildRules = (
			);
			dependencies = (
				401DD0AA2C30F09D00A44B74 /* PBXTargetDependency */,
			);
			name = ProjectCompareTests;
			productName = ProjectCompareTests;
			productReference = 401DD0A52C30F09D00A44B74 /* ProjectCompareTests.xctest */;
			productType = "com.apple.product-type.bundle.unit-test";
		};
		401DD0D72C3107F800A44B74 /* ProjectCompareUITests */ = {
			isa = PBXNativeTarget;
			buildConfigurationList = 401DD0E02C3107F800A44B74 /* Build configuration list for PBXNativeTarget "ProjectCompareUITests" */;
			buildPhases = (
				401DD0D42C3107F800A44B74 /* Sources */,
				401DD0D52C3107F800A44B74 /* Frameworks */,
				401DD0D62C3107F800A44B74 /* Resources */,
			);
			buildRules = (
			);
			dependencies = (
				401DD0DF2C3107F800A44B74 /* PBXTargetDependency */,
			);
			name = ProjectCompareUITests;
			productName = ProjectCompareUITests;
			productReference = 401DD0D82C3107F800A44B74 /* ProjectCompareUITests.xctest */;
			productType = "com.apple.product-type.bundle.ui-testing";
		};
/* End PBXNativeTarget section */

/* Begin PBXProject section */
		4018C6252C2B5CC20005C2C4 /* Project object */ = {
			isa = PBXProject;
			attributes = {
				BuildIndependentTargetsInParallel = 1;
				LastSwiftUpdateCheck = 1540;
				LastUpgradeCheck = 1540;
				TargetAttributes = {
					4018C62C2C2B5CC20005C2C4 = {
						CreatedOnToolsVersion = 15.4;
					};
					401DD0A42C30F09D00A44B74 = {
						CreatedOnToolsVersion = 15.4;
						TestTargetID = 4018C62C2C2B5CC20005C2C4;
					};
					401DD0D72C3107F800A44B74 = {
						CreatedOnToolsVersion = 15.4;
						TestTargetID = 4018C62C2C2B5CC20005C2C4;
					};
				};
			};
			buildConfigurationList = 4018C6282C2B5CC20005C2C4 /* Build configuration list for PBXProject "ProjectCompare" */;
			compatibilityVersion = "Xcode 14.0";
			developmentRegion = en;
			hasScannedForEncodings = 0;
			knownRegions = (
				en,
				Base,
			);
			mainGroup = 4018C6242C2B5CC20005C2C4;
			packageReferences = (
				401DD08F2C2F2ED500A44B74 /* XCRemoteSwiftPackageReference "CachedAsyncImage" */,
				401DD09C2C2FB8EF00A44B74 /* XCRemoteSwiftPackageReference "TabTitleBar" */,
			);
			productRefGroup = 4018C62E2C2B5CC20005C2C4 /* Products */;
			projectDirPath = "";
			projectRoot = "";
			targets = (
				4018C62C2C2B5CC20005C2C4 /* ProjectCompare */,
				401DD0A42C30F09D00A44B74 /* ProjectCompareTests */,
				401DD0D72C3107F800A44B74 /* ProjectCompareUITests */,
			);
		};
/* End PBXProject section */

/* Begin PBXResourcesBuildPhase section */
		4018C62B2C2B5CC20005C2C4 /* Resources */ = {
			isa = PBXResourcesBuildPhase;
			buildActionMask = 2147483647;
			files = (
				4018C6382C2B5CC30005C2C4 /* Preview Assets.xcassets in Resources */,
				4018C6352C2B5CC30005C2C4 /* Assets.xcassets in Resources */,
			);
			runOnlyForDeploymentPostprocessing = 0;
		};
		401DD0A32C30F09D00A44B74 /* Resources */ = {
			isa = PBXResourcesBuildPhase;
			buildActionMask = 2147483647;
			files = (
				401DD0E32C311A3300A44B74 /* Assets.xcassets in Resources */,
			);
			runOnlyForDeploymentPostprocessing = 0;
		};
		401DD0D62C3107F800A44B74 /* Resources */ = {
			isa = PBXResourcesBuildPhase;
			buildActionMask = 2147483647;
			files = (
			);
			runOnlyForDeploymentPostprocessing = 0;
		};
/* End PBXResourcesBuildPhase section */

/* Begin PBXSourcesBuildPhase section */
		4018C6292C2B5CC20005C2C4 /* Sources */ = {
			isa = PBXSourcesBuildPhase;
			buildActionMask = 2147483647;
			files = (
				4018C66C2C2BBC360005C2C4 /* PersonSearchResult.swift in Sources */,
				4018C6512C2BA7F10005C2C4 /* Person.swift in Sources */,
				401DD0A02C2FC08A00A44B74 /* TMDBAttributionView.swift in Sources */,
				401146912C2CFD8A00B47803 /* TMDBAPI-Shared.swift in Sources */,
				4018C6672C2BAB960005C2C4 /* TMDBAPI-Person.swift in Sources */,
				401146812C2CEBCB00B47803 /* TMDBAPIKey.swift in Sources */,
				4018C6312C2B5CC20005C2C4 /* ProjectCompareApp.swift in Sources */,
				4053A3A52C31E23D006D9F24 /* AppSearchView.swift in Sources */,
				402F49D22C2E133800DBDDE4 /* Array.swift in Sources */,
				401DD0B52C30F88400A44B74 /* TMDBAPIError.swift in Sources */,
				4053A3AB2C31EA5B006D9F24 /* TutorialSplashView.swift in Sources */,
				401DD09B2C2FB18500A44B74 /* CreditCompareView.swift in Sources */,
				4053A3AD2C31EA87006D9F24 /* TutorialSearchView.swift in Sources */,
				402F49CD2C2E0DEB00DBDDE4 /* CompareView.swift in Sources */,
				402F49CF2C2E119B00DBDDE4 /* SharedCredits.swift in Sources */,
				4053A3A12C31E1ED006D9F24 /* AppInfoView.swift in Sources */,
				4053A3A82C31E9E7006D9F24 /* TutorialView.swift in Sources */,
				4018C66E2C2BC5E40005C2C4 /* SearchPersonView.swift in Sources */,
				401DD0992C2FABE800A44B74 /* CreditProfileView.swift in Sources */,
				4018C64E2C2BA24B0005C2C4 /* TMDBKeyProtocol.swift in Sources */,
				401146952C2D0BC300B47803 /* ContentView.swift in Sources */,
				401DD08E2C2E632900A44B74 /* MediaType.swift in Sources */,
				4018C6552C2BA8030005C2C4 /* Credits.swift in Sources */,
				401146982C2D0C7200B47803 /* PersonContainer.swift in Sources */,
				401DD0962C2F320700A44B74 /* PersonProfileView.swift in Sources */,
				401DD0932C2F2F2500A44B74 /* PersonCell.swift in Sources */,
				4053A3AF2C31EA9C006D9F24 /* TutorialCompareView.swift in Sources */,
				4018C64C2C2B62B80005C2C4 /* TMDBAPI.swift in Sources */,
				401DD0B32C30F84000A44B74 /* APIKeyValidation.swift in Sources */,
			);
			runOnlyForDeploymentPostprocessing = 0;
		};
		401DD0A12C30F09D00A44B74 /* Sources */ = {
			isa = PBXSourcesBuildPhase;
			buildActionMask = 2147483647;
			files = (
				401DD0A82C30F09D00A44B74 /* BaseTestCase.swift in Sources */,
				401DD0B12C30F42800A44B74 /* TMDB-AssetTests.swift in Sources */,
				401DD0BD2C30FB5900A44B74 /* Credits.swift in Sources */,
				401DD0C32C30FBD500A44B74 /* SharedCredits.swift in Sources */,
				4053A3CD2C320496006D9F24 /* AppSearchView.swift in Sources */,
				4053A3E02C32063A006D9F24 /* CreditProfileView.swift in Sources */,
				401DD0BE2C30FB5900A44B74 /* Person.swift in Sources */,
				401DD0BF2C30FB5900A44B74 /* PersonSearchResult.swift in Sources */,
				401DD0C02C30FB5900A44B74 /* MediaType.swift in Sources */,
				401DD0C22C30FBD400A44B74 /* Array.swift in Sources */,
				401DD0B92C30FAA100A44B74 /* TMDBAPI-Person.swift in Sources */,
				4053A3DD2C320623006D9F24 /* TutorialSplashView.swift in Sources */,
				4053A3DB2C32060B006D9F24 /* CompareView.swift in Sources */,
				4053A3DE2C320626006D9F24 /* TutorialSearchView.swift in Sources */,
				401DD0CA2C31055300A44B74 /* PersonContainer.swift in Sources */,
				401DD0CF2C31055500A44B74 /* CreditCompareView.swift in Sources */,
				401DD0D02C31055800A44B74 /* ContentView.swift in Sources */,
				4053A3DC2C320620006D9F24 /* TutorialView.swift in Sources */,
				401DD0D22C31055800A44B74 /* ProjectCompareApp.swift in Sources */,
				401DD0D32C31055800A44B74 /* TMDBAttributionView.swift in Sources */,
				401DD0BC2C30FAA600A44B74 /* TMDBAPI.swift in Sources */,
				401DD0B82C30FA9F00A44B74 /* TMDBAPI-Shared.swift in Sources */,
				401DD0C52C31039600A44B74 /* SharedCredit-Conversions.swift in Sources */,
				401DD0AF2C30F32F00A44B74 /* TMDB-FetchTests.swift in Sources */,
				4053A3E12C320653006D9F24 /* PersonCell.swift in Sources */,
				4053A3E22C320653006D9F24 /* PersonProfileView.swift in Sources */,
				4053A3E32C320653006D9F24 /* SearchPersonView.swift in Sources */,
				401DD0B72C30FA9B00A44B74 /* TMDBAPIError.swift in Sources */,
				401DD0B62C30FA5A00A44B74 /* APIKeyValidation.swift in Sources */,
				401DD0BA2C30FAA400A44B74 /* TMDBAPIKey.swift in Sources */,
				4053A3DF2C320629006D9F24 /* TutorialCompareView.swift in Sources */,
				401DD0BB2C30FAA400A44B74 /* TMDBKeyProtocol.swift in Sources */,
				4053A3CF2C3204A0006D9F24 /* AppInfoView.swift in Sources */,
			);
			runOnlyForDeploymentPostprocessing = 0;
		};
		401DD0D42C3107F800A44B74 /* Sources */ = {
			isa = PBXSourcesBuildPhase;
			buildActionMask = 2147483647;
			files = (
				401DD0DB2C3107F800A44B74 /* ProjectCompareUITests.swift in Sources */,
			);
			runOnlyForDeploymentPostprocessing = 0;
		};
/* End PBXSourcesBuildPhase section */

/* Begin PBXTargetDependency section */
		401DD0AA2C30F09D00A44B74 /* PBXTargetDependency */ = {
			isa = PBXTargetDependency;
			target = 4018C62C2C2B5CC20005C2C4 /* ProjectCompare */;
			targetProxy = 401DD0A92C30F09D00A44B74 /* PBXContainerItemProxy */;
		};
		401DD0DF2C3107F800A44B74 /* PBXTargetDependency */ = {
			isa = PBXTargetDependency;
			target = 4018C62C2C2B5CC20005C2C4 /* ProjectCompare */;
			targetProxy = 401DD0DE2C3107F800A44B74 /* PBXContainerItemProxy */;
		};
/* End PBXTargetDependency section */

/* Begin XCBuildConfiguration section */
		4018C6392C2B5CC30005C2C4 /* Debug */ = {
			isa = XCBuildConfiguration;
			buildSettings = {
				ALWAYS_SEARCH_USER_PATHS = NO;
				ASSETCATALOG_COMPILER_GENERATE_SWIFT_ASSET_SYMBOL_EXTENSIONS = YES;
				CLANG_ANALYZER_NONNULL = YES;
				CLANG_ANALYZER_NUMBER_OBJECT_CONVERSION = YES_AGGRESSIVE;
				CLANG_CXX_LANGUAGE_STANDARD = "gnu++20";
				CLANG_ENABLE_MODULES = YES;
				CLANG_ENABLE_OBJC_ARC = YES;
				CLANG_ENABLE_OBJC_WEAK = YES;
				CLANG_WARN_BLOCK_CAPTURE_AUTORELEASING = YES;
				CLANG_WARN_BOOL_CONVERSION = YES;
				CLANG_WARN_COMMA = YES;
				CLANG_WARN_CONSTANT_CONVERSION = YES;
				CLANG_WARN_DEPRECATED_OBJC_IMPLEMENTATIONS = YES;
				CLANG_WARN_DIRECT_OBJC_ISA_USAGE = YES_ERROR;
				CLANG_WARN_DOCUMENTATION_COMMENTS = YES;
				CLANG_WARN_EMPTY_BODY = YES;
				CLANG_WARN_ENUM_CONVERSION = YES;
				CLANG_WARN_INFINITE_RECURSION = YES;
				CLANG_WARN_INT_CONVERSION = YES;
				CLANG_WARN_NON_LITERAL_NULL_CONVERSION = YES;
				CLANG_WARN_OBJC_IMPLICIT_RETAIN_SELF = YES;
				CLANG_WARN_OBJC_LITERAL_CONVERSION = YES;
				CLANG_WARN_OBJC_ROOT_CLASS = YES_ERROR;
				CLANG_WARN_QUOTED_INCLUDE_IN_FRAMEWORK_HEADER = YES;
				CLANG_WARN_RANGE_LOOP_ANALYSIS = YES;
				CLANG_WARN_STRICT_PROTOTYPES = YES;
				CLANG_WARN_SUSPICIOUS_MOVE = YES;
				CLANG_WARN_UNGUARDED_AVAILABILITY = YES_AGGRESSIVE;
				CLANG_WARN_UNREACHABLE_CODE = YES;
				CLANG_WARN__DUPLICATE_METHOD_MATCH = YES;
				COPY_PHASE_STRIP = NO;
				DEBUG_INFORMATION_FORMAT = dwarf;
				ENABLE_STRICT_OBJC_MSGSEND = YES;
				ENABLE_TESTABILITY = YES;
				ENABLE_USER_SCRIPT_SANDBOXING = YES;
				GCC_C_LANGUAGE_STANDARD = gnu17;
				GCC_DYNAMIC_NO_PIC = NO;
				GCC_NO_COMMON_BLOCKS = YES;
				GCC_OPTIMIZATION_LEVEL = 0;
				GCC_PREPROCESSOR_DEFINITIONS = (
					"DEBUG=1",
					"$(inherited)",
				);
				GCC_WARN_64_TO_32_BIT_CONVERSION = YES;
				GCC_WARN_ABOUT_RETURN_TYPE = YES_ERROR;
				GCC_WARN_UNDECLARED_SELECTOR = YES;
				GCC_WARN_UNINITIALIZED_AUTOS = YES_AGGRESSIVE;
				GCC_WARN_UNUSED_FUNCTION = YES;
				GCC_WARN_UNUSED_VARIABLE = YES;
				IPHONEOS_DEPLOYMENT_TARGET = 17.5;
				LOCALIZATION_PREFERS_STRING_CATALOGS = YES;
				MTL_ENABLE_DEBUG_INFO = INCLUDE_SOURCE;
				MTL_FAST_MATH = YES;
				ONLY_ACTIVE_ARCH = YES;
				SDKROOT = iphoneos;
				SWIFT_ACTIVE_COMPILATION_CONDITIONS = "DEBUG $(inherited)";
				SWIFT_OPTIMIZATION_LEVEL = "-Onone";
			};
			name = Debug;
		};
		4018C63A2C2B5CC30005C2C4 /* Release */ = {
			isa = XCBuildConfiguration;
			buildSettings = {
				ALWAYS_SEARCH_USER_PATHS = NO;
				ASSETCATALOG_COMPILER_GENERATE_SWIFT_ASSET_SYMBOL_EXTENSIONS = YES;
				CLANG_ANALYZER_NONNULL = YES;
				CLANG_ANALYZER_NUMBER_OBJECT_CONVERSION = YES_AGGRESSIVE;
				CLANG_CXX_LANGUAGE_STANDARD = "gnu++20";
				CLANG_ENABLE_MODULES = YES;
				CLANG_ENABLE_OBJC_ARC = YES;
				CLANG_ENABLE_OBJC_WEAK = YES;
				CLANG_WARN_BLOCK_CAPTURE_AUTORELEASING = YES;
				CLANG_WARN_BOOL_CONVERSION = YES;
				CLANG_WARN_COMMA = YES;
				CLANG_WARN_CONSTANT_CONVERSION = YES;
				CLANG_WARN_DEPRECATED_OBJC_IMPLEMENTATIONS = YES;
				CLANG_WARN_DIRECT_OBJC_ISA_USAGE = YES_ERROR;
				CLANG_WARN_DOCUMENTATION_COMMENTS = YES;
				CLANG_WARN_EMPTY_BODY = YES;
				CLANG_WARN_ENUM_CONVERSION = YES;
				CLANG_WARN_INFINITE_RECURSION = YES;
				CLANG_WARN_INT_CONVERSION = YES;
				CLANG_WARN_NON_LITERAL_NULL_CONVERSION = YES;
				CLANG_WARN_OBJC_IMPLICIT_RETAIN_SELF = YES;
				CLANG_WARN_OBJC_LITERAL_CONVERSION = YES;
				CLANG_WARN_OBJC_ROOT_CLASS = YES_ERROR;
				CLANG_WARN_QUOTED_INCLUDE_IN_FRAMEWORK_HEADER = YES;
				CLANG_WARN_RANGE_LOOP_ANALYSIS = YES;
				CLANG_WARN_STRICT_PROTOTYPES = YES;
				CLANG_WARN_SUSPICIOUS_MOVE = YES;
				CLANG_WARN_UNGUARDED_AVAILABILITY = YES_AGGRESSIVE;
				CLANG_WARN_UNREACHABLE_CODE = YES;
				CLANG_WARN__DUPLICATE_METHOD_MATCH = YES;
				COPY_PHASE_STRIP = NO;
				DEBUG_INFORMATION_FORMAT = "dwarf-with-dsym";
				ENABLE_NS_ASSERTIONS = NO;
				ENABLE_STRICT_OBJC_MSGSEND = YES;
				ENABLE_USER_SCRIPT_SANDBOXING = YES;
				GCC_C_LANGUAGE_STANDARD = gnu17;
				GCC_NO_COMMON_BLOCKS = YES;
				GCC_WARN_64_TO_32_BIT_CONVERSION = YES;
				GCC_WARN_ABOUT_RETURN_TYPE = YES_ERROR;
				GCC_WARN_UNDECLARED_SELECTOR = YES;
				GCC_WARN_UNINITIALIZED_AUTOS = YES_AGGRESSIVE;
				GCC_WARN_UNUSED_FUNCTION = YES;
				GCC_WARN_UNUSED_VARIABLE = YES;
				IPHONEOS_DEPLOYMENT_TARGET = 17.5;
				LOCALIZATION_PREFERS_STRING_CATALOGS = YES;
				MTL_ENABLE_DEBUG_INFO = NO;
				MTL_FAST_MATH = YES;
				SDKROOT = iphoneos;
				SWIFT_COMPILATION_MODE = wholemodule;
				VALIDATE_PRODUCT = YES;
			};
			name = Release;
		};
		4018C63C2C2B5CC30005C2C4 /* Debug */ = {
			isa = XCBuildConfiguration;
			buildSettings = {
				ASSETCATALOG_COMPILER_APPICON_NAME = AppIcon;
				ASSETCATALOG_COMPILER_GLOBAL_ACCENT_COLOR_NAME = AccentColor;
				CODE_SIGN_STYLE = Automatic;
				CURRENT_PROJECT_VERSION = 1;
				DEVELOPMENT_ASSET_PATHS = "\"ProjectCompare/Preview Content\"";
				DEVELOPMENT_TEAM = WHP94Y3BWA;
				ENABLE_PREVIEWS = YES;
				GENERATE_INFOPLIST_FILE = YES;
				INFOPLIST_KEY_CFBundleDisplayName = CastList;
				INFOPLIST_KEY_UIApplicationSceneManifest_Generation = YES;
				INFOPLIST_KEY_UIApplicationSupportsIndirectInputEvents = YES;
				INFOPLIST_KEY_UILaunchScreen_Generation = YES;
				INFOPLIST_KEY_UISupportedInterfaceOrientations_iPad = "UIInterfaceOrientationPortrait UIInterfaceOrientationPortraitUpsideDown UIInterfaceOrientationLandscapeLeft UIInterfaceOrientationLandscapeRight";
				INFOPLIST_KEY_UISupportedInterfaceOrientations_iPhone = "UIInterfaceOrientationPortrait UIInterfaceOrientationLandscapeLeft UIInterfaceOrientationLandscapeRight";
				IPHONEOS_DEPLOYMENT_TARGET = 17;
				LD_RUNPATH_SEARCH_PATHS = (
					"$(inherited)",
					"@executable_path/Frameworks",
				);
				MARKETING_VERSION = 1.0;
				PRODUCT_BUNDLE_IDENTIFIER = skdf.me.ProjectCompare;
				PRODUCT_NAME = "$(TARGET_NAME)";
				SUPPORTED_PLATFORMS = "iphoneos iphonesimulator";
				SUPPORTS_MACCATALYST = NO;
				SUPPORTS_XR_DESIGNED_FOR_IPHONE_IPAD = NO;
				SWIFT_EMIT_LOC_STRINGS = YES;
				SWIFT_VERSION = 5.0;
				TARGETED_DEVICE_FAMILY = "1,2";
			};
			name = Debug;
		};
		4018C63D2C2B5CC30005C2C4 /* Release */ = {
			isa = XCBuildConfiguration;
			buildSettings = {
				ASSETCATALOG_COMPILER_APPICON_NAME = AppIcon;
				ASSETCATALOG_COMPILER_GLOBAL_ACCENT_COLOR_NAME = AccentColor;
				CODE_SIGN_STYLE = Automatic;
				CURRENT_PROJECT_VERSION = 1;
				DEVELOPMENT_ASSET_PATHS = "\"ProjectCompare/Preview Content\"";
				DEVELOPMENT_TEAM = WHP94Y3BWA;
				ENABLE_PREVIEWS = YES;
				GENERATE_INFOPLIST_FILE = YES;
				INFOPLIST_KEY_CFBundleDisplayName = CastList;
				INFOPLIST_KEY_UIApplicationSceneManifest_Generation = YES;
				INFOPLIST_KEY_UIApplicationSupportsIndirectInputEvents = YES;
				INFOPLIST_KEY_UILaunchScreen_Generation = YES;
				INFOPLIST_KEY_UISupportedInterfaceOrientations_iPad = "UIInterfaceOrientationPortrait UIInterfaceOrientationPortraitUpsideDown UIInterfaceOrientationLandscapeLeft UIInterfaceOrientationLandscapeRight";
				INFOPLIST_KEY_UISupportedInterfaceOrientations_iPhone = "UIInterfaceOrientationPortrait UIInterfaceOrientationLandscapeLeft UIInterfaceOrientationLandscapeRight";
				IPHONEOS_DEPLOYMENT_TARGET = 17;
				LD_RUNPATH_SEARCH_PATHS = (
					"$(inherited)",
					"@executable_path/Frameworks",
				);
				MARKETING_VERSION = 1.0;
				PRODUCT_BUNDLE_IDENTIFIER = skdf.me.ProjectCompare;
				PRODUCT_NAME = "$(TARGET_NAME)";
				SUPPORTED_PLATFORMS = "iphoneos iphonesimulator";
				SUPPORTS_MACCATALYST = NO;
				SUPPORTS_XR_DESIGNED_FOR_IPHONE_IPAD = NO;
				SWIFT_EMIT_LOC_STRINGS = YES;
				SWIFT_VERSION = 5.0;
				TARGETED_DEVICE_FAMILY = "1,2";
			};
			name = Release;
		};
		401DD0AC2C30F09D00A44B74 /* Debug */ = {
			isa = XCBuildConfiguration;
			buildSettings = {
				BUNDLE_LOADER = "$(TEST_HOST)";
				CODE_SIGN_STYLE = Automatic;
				CURRENT_PROJECT_VERSION = 1;
				GENERATE_INFOPLIST_FILE = YES;
				MARKETING_VERSION = 1.0;
				PRODUCT_BUNDLE_IDENTIFIER = me.skdf.ProjectCompareTests;
				PRODUCT_NAME = "$(TARGET_NAME)";
				SWIFT_EMIT_LOC_STRINGS = NO;
				SWIFT_VERSION = 5.0;
				TARGETED_DEVICE_FAMILY = "1,2";
				TEST_HOST = "$(BUILT_PRODUCTS_DIR)/ProjectCompare.app/$(BUNDLE_EXECUTABLE_FOLDER_PATH)/ProjectCompare";
			};
			name = Debug;
		};
		401DD0AD2C30F09D00A44B74 /* Release */ = {
			isa = XCBuildConfiguration;
			buildSettings = {
				BUNDLE_LOADER = "$(TEST_HOST)";
				CODE_SIGN_STYLE = Automatic;
				CURRENT_PROJECT_VERSION = 1;
				GENERATE_INFOPLIST_FILE = YES;
				MARKETING_VERSION = 1.0;
				PRODUCT_BUNDLE_IDENTIFIER = me.skdf.ProjectCompareTests;
				PRODUCT_NAME = "$(TARGET_NAME)";
				SWIFT_EMIT_LOC_STRINGS = NO;
				SWIFT_VERSION = 5.0;
				TARGETED_DEVICE_FAMILY = "1,2";
				TEST_HOST = "$(BUILT_PRODUCTS_DIR)/ProjectCompare.app/$(BUNDLE_EXECUTABLE_FOLDER_PATH)/ProjectCompare";
			};
			name = Release;
		};
		401DD0E12C3107F800A44B74 /* Debug */ = {
			isa = XCBuildConfiguration;
			buildSettings = {
				CODE_SIGN_STYLE = Automatic;
				CURRENT_PROJECT_VERSION = 1;
				GENERATE_INFOPLIST_FILE = YES;
				MARKETING_VERSION = 1.0;
				PRODUCT_BUNDLE_IDENTIFIER = me.skdf.ProjectCompareUITests;
				PRODUCT_NAME = "$(TARGET_NAME)";
				SWIFT_EMIT_LOC_STRINGS = NO;
				SWIFT_VERSION = 5.0;
				TARGETED_DEVICE_FAMILY = "1,2";
				TEST_TARGET_NAME = ProjectCompare;
			};
			name = Debug;
		};
		401DD0E22C3107F800A44B74 /* Release */ = {
			isa = XCBuildConfiguration;
			buildSettings = {
				CODE_SIGN_STYLE = Automatic;
				CURRENT_PROJECT_VERSION = 1;
				GENERATE_INFOPLIST_FILE = YES;
				MARKETING_VERSION = 1.0;
				PRODUCT_BUNDLE_IDENTIFIER = me.skdf.ProjectCompareUITests;
				PRODUCT_NAME = "$(TARGET_NAME)";
				SWIFT_EMIT_LOC_STRINGS = NO;
				SWIFT_VERSION = 5.0;
				TARGETED_DEVICE_FAMILY = "1,2";
				TEST_TARGET_NAME = ProjectCompare;
			};
			name = Release;
		};
/* End XCBuildConfiguration section */

/* Begin XCConfigurationList section */
		4018C6282C2B5CC20005C2C4 /* Build configuration list for PBXProject "ProjectCompare" */ = {
			isa = XCConfigurationList;
			buildConfigurations = (
				4018C6392C2B5CC30005C2C4 /* Debug */,
				4018C63A2C2B5CC30005C2C4 /* Release */,
			);
			defaultConfigurationIsVisible = 0;
			defaultConfigurationName = Release;
		};
		4018C63B2C2B5CC30005C2C4 /* Build configuration list for PBXNativeTarget "ProjectCompare" */ = {
			isa = XCConfigurationList;
			buildConfigurations = (
				4018C63C2C2B5CC30005C2C4 /* Debug */,
				4018C63D2C2B5CC30005C2C4 /* Release */,
			);
			defaultConfigurationIsVisible = 0;
			defaultConfigurationName = Release;
		};
		401DD0AB2C30F09D00A44B74 /* Build configuration list for PBXNativeTarget "ProjectCompareTests" */ = {
			isa = XCConfigurationList;
			buildConfigurations = (
				401DD0AC2C30F09D00A44B74 /* Debug */,
				401DD0AD2C30F09D00A44B74 /* Release */,
			);
			defaultConfigurationIsVisible = 0;
			defaultConfigurationName = Release;
		};
		401DD0E02C3107F800A44B74 /* Build configuration list for PBXNativeTarget "ProjectCompareUITests" */ = {
			isa = XCConfigurationList;
			buildConfigurations = (
				401DD0E12C3107F800A44B74 /* Debug */,
				401DD0E22C3107F800A44B74 /* Release */,
			);
			defaultConfigurationIsVisible = 0;
			defaultConfigurationName = Release;
		};
/* End XCConfigurationList section */

/* Begin XCRemoteSwiftPackageReference section */
		401DD08F2C2F2ED500A44B74 /* XCRemoteSwiftPackageReference "CachedAsyncImage" */ = {
			isa = XCRemoteSwiftPackageReference;
			repositoryURL = "https://github.com/bullinnyc/CachedAsyncImage";
			requirement = {
				kind = upToNextMajorVersion;
				minimumVersion = 2.6.0;
			};
		};
		401DD09C2C2FB8EF00A44B74 /* XCRemoteSwiftPackageReference "TabTitleBar" */ = {
			isa = XCRemoteSwiftPackageReference;
			repositoryURL = "https://github.com/SeekAndDefineBK/TabTitleBar";
			requirement = {
				branch = main;
				kind = branch;
			};
		};
/* End XCRemoteSwiftPackageReference section */

/* Begin XCSwiftPackageProductDependency section */
		401DD0902C2F2ED500A44B74 /* CachedAsyncImage */ = {
			isa = XCSwiftPackageProductDependency;
			package = 401DD08F2C2F2ED500A44B74 /* XCRemoteSwiftPackageReference "CachedAsyncImage" */;
			productName = CachedAsyncImage;
		};
		401DD09D2C2FB8EF00A44B74 /* TabTitleBar */ = {
			isa = XCSwiftPackageProductDependency;
			package = 401DD09C2C2FB8EF00A44B74 /* XCRemoteSwiftPackageReference "TabTitleBar" */;
			productName = TabTitleBar;
		};
/* End XCSwiftPackageProductDependency section */
	};
	rootObject = 4018C6252C2B5CC20005C2C4 /* Project object */;
}
